
Microsoft Visual Studio Solution File, Format Version 12.00
# Visual Studio Version 16
VisualStudioVersion = 16.0.30907.101
MinimumVisualStudioVersion = 10.0.40219.1
Project("{9A19103F-16F7-4668-BE54-9A1E7A4F7556}") = "MeLiChallenge.Api", "MeLiChallenge.Api\MeLiChallenge.Api.csproj", "{6E55D2AD-945E-4C11-B365-E2C315CD9B47}"
EndProject
Project("{9A19103F-16F7-4668-BE54-9A1E7A4F7556}") = "MeliChallenge.Test", "MeliChallenge.Test\MeliChallenge.Test.csproj", "{B983904D-F5DB-4060-8178-24F07CBF07E5}"
EndProject
Project("{9A19103F-16F7-4668-BE54-9A1E7A4F7556}") = "MeliChallenge.Data", "MeliChallenge.Data\MeliChallenge.Data.csproj", "{1946D2CF-8D6B-4FE6-939D-1B5702AAB7BA}"
EndProject
Project("{9A19103F-16F7-4668-BE54-9A1E7A4F7556}") = "MeLiChallenge.Business", "MeLiChallenge.Bussiness\MeLiChallenge.Business.csproj", "{EB0D0ABB-85D0-4008-B91D-28A5AB5D98E6}"
EndProject
Project("{9A19103F-16F7-4668-BE54-9A1E7A4F7556}") = "MeLiChallenge.Model", "MeLiChallenge.Model\MeLiChallenge.Model.csproj", "{9BA6E705-6B09-4DC1-AA5C-304FE93C81E3}"
EndProject
Project("{E53339B2-1760-4266-BCC7-CA923CBCF16C}") = "docker-compose", "docker-compose.dcproj", "{EC8BBF7A-415A-4A2A-847A-A6159EB22E9E}"
EndProject
Global
	GlobalSection(SolutionConfigurationPlatforms) = preSolution
		Debug|Any CPU = Debug|Any CPU
		Release|Any CPU = Release|Any CPU
	EndGlobalSection
	GlobalSection(ProjectConfigurationPlatforms) = postSolution
		{6E55D2AD-945E-4C11-B365-E2C315CD9B47}.Debug|Any CPU.ActiveCfg = Debug|Any CPU
		{6E55D2AD-945E-4C11-B365-E2C315CD9B47}.Debug|Any CPU.Build.0 = Debug|Any CPU
		{6E55D2AD-945E-4C11-B365-E2C315CD9B47}.Release|Any CPU.ActiveCfg = Release|Any CPU
		{6E55D2AD-945E-4C11-B365-E2C315CD9B47}.Release|Any CPU.Build.0 = Release|Any CPU
		{B983904D-F5DB-4060-8178-24F07CBF07E5}.Debug|Any CPU.ActiveCfg = Debug|Any CPU
		{B983904D-F5DB-4060-8178-24F07CBF07E5}.Debug|Any CPU.Build.0 = Debug|Any CPU
		{B983904D-F5DB-4060-8178-24F07CBF07E5}.Release|Any CPU.ActiveCfg = Release|Any CPU
		{B983904D-F5DB-4060-8178-24F07CBF07E5}.Release|Any CPU.Build.0 = Release|Any CPU
		{1946D2CF-8D6B-4FE6-939D-1B5702AAB7BA}.Debug|Any CPU.ActiveCfg = Debug|Any CPU
		{1946D2CF-8D6B-4FE6-939D-1B5702AAB7BA}.Debug|Any CPU.Build.0 = Debug|Any CPU
		{1946D2CF-8D6B-4FE6-939D-1B5702AAB7BA}.Release|Any CPU.ActiveCfg = Release|Any CPU
		{1946D2CF-8D6B-4FE6-939D-1B5702AAB7BA}.Release|Any CPU.Build.0 = Release|Any CPU
		{EB0D0ABB-85D0-4008-B91D-28A5AB5D98E6}.Debug|Any CPU.ActiveCfg = Debug|Any CPU
		{EB0D0ABB-85D0-4008-B91D-28A5AB5D98E6}.Debug|Any CPU.Build.0 = Debug|Any CPU
		{EB0D0ABB-85D0-4008-B91D-28A5AB5D98E6}.Release|Any CPU.ActiveCfg = Release|Any CPU
		{EB0D0ABB-85D0-4008-B91D-28A5AB5D98E6}.Release|Any CPU.Build.0 = Release|Any CPU
		{9BA6E705-6B09-4DC1-AA5C-304FE93C81E3}.Debug|Any CPU.ActiveCfg = Debug|Any CPU
		{9BA6E705-6B09-4DC1-AA5C-304FE93C81E3}.Debug|Any CPU.Build.0 = Debug|Any CPU
		{9BA6E705-6B09-4DC1-AA5C-304FE93C81E3}.Release|Any CPU.ActiveCfg = Release|Any CPU
		{9BA6E705-6B09-4DC1-AA5C-304FE93C81E3}.Release|Any CPU.Build.0 = Release|Any CPU
		{EC8BBF7A-415A-4A2A-847A-A6159EB22E9E}.Debug|Any CPU.ActiveCfg = Debug|Any CPU
		{EC8BBF7A-415A-4A2A-847A-A6159EB22E9E}.Debug|Any CPU.Build.0 = Debug|Any CPU
		{EC8BBF7A-415A-4A2A-847A-A6159EB22E9E}.Release|Any CPU.ActiveCfg = Release|Any CPU
		{EC8BBF7A-415A-4A2A-847A-A6159EB22E9E}.Release|Any CPU.Build.0 = Release|Any CPU
	EndGlobalSection
	GlobalSection(SolutionProperties) = preSolution
		HideSolutionNode = FALSE
	EndGlobalSection
	GlobalSection(ExtensibilityGlobals) = postSolution
		SolutionGuid = {9379A4A6-DF80-4DA5-8599-236D71041827}
	EndGlobalSection
EndGlobal
